
Microsoft Visual Studio Solution File, Format Version 12.00
# Visual Studio Version 17
VisualStudioVersion = 17.3.32901.215
MinimumVisualStudioVersion = 10.0.40219.1
Project("{9A19103F-16F7-4668-BE54-9A1E7A4F7556}") = "ProductAPI", "ProductAPI\ProductAPI.csproj", "{C8C05A70-BA05-43ED-9522-3E0861BC61AF}"
EndProject
Project("{E53339B2-1760-4266-BCC7-CA923CBCF16C}") = "docker-compose", "docker-compose.dcproj", "{AAE6D92E-0FCC-40AE-8056-897D0F00F117}"
EndProject
Global
	GlobalSection(SolutionConfigurationPlatforms) = preSolution
		Debug|Any CPU = Debug|Any CPU
		Release|Any CPU = Release|Any CPU
	EndGlobalSection
	GlobalSection(ProjectConfigurationPlatforms) = postSolution
		{C8C05A70-BA05-43ED-9522-3E0861BC61AF}.Debug|Any CPU.ActiveCfg = Debug|Any CPU
		{C8C05A70-BA05-43ED-9522-3E0861BC61AF}.Debug|Any CPU.Build.0 = Debug|Any CPU
		{C8C05A70-BA05-43ED-9522-3E0861BC61AF}.Release|Any CPU.ActiveCfg = Release|Any CPU
		{C8C05A70-BA05-43ED-9522-3E0861BC61AF}.Release|Any CPU.Build.0 = Release|Any CPU
		{AAE6D92E-0FCC-40AE-8056-897D0F00F117}.Debug|Any CPU.ActiveCfg = Debug|Any CPU
		{AAE6D92E-0FCC-40AE-8056-897D0F00F117}.Debug|Any CPU.Build.0 = Debug|Any CPU
		{AAE6D92E-0FCC-40AE-8056-897D0F00F117}.Release|Any CPU.ActiveCfg = Release|Any CPU
		{AAE6D92E-0FCC-40AE-8056-897D0F00F117}.Release|Any CPU.Build.0 = Release|Any CPU
	EndGlobalSection
	GlobalSection(SolutionProperties) = preSolution
		HideSolutionNode = FALSE
	EndGlobalSection
	GlobalSection(ExtensibilityGlobals) = postSolution
		SolutionGuid = {817562C5-DBA0-434E-9BF4-7F9F4738EA43}
	EndGlobalSection
EndGlobal
